
Microsoft Visual Studio Solution File, Format Version 12.00
# Visual Studio Version 17
VisualStudioVersion = 17.8.34316.72
MinimumVisualStudioVersion = 10.0.40219.1
Project("{FAE04EC0-301F-11D3-BF4B-00C04F79EFBC}") = "Backpropagation", "Backpropagation\Backpropagation.csproj", "{94F0C9B8-AA54-45C1-8BF8-67A053249C0C}"
EndProject
Global
	GlobalSection(SolutionConfigurationPlatforms) = preSolution
		Debug|Any CPU = Debug|Any CPU
		Release|Any CPU = Release|Any CPU
	EndGlobalSection
	GlobalSection(ProjectConfigurationPlatforms) = postSolution
		{94F0C9B8-AA54-45C1-8BF8-67A053249C0C}.Debug|Any CPU.ActiveCfg = Debug|Any CPU
		{94F0C9B8-AA54-45C1-8BF8-67A053249C0C}.Debug|Any CPU.Build.0 = Debug|Any CPU
		{94F0C9B8-AA54-45C1-8BF8-67A053249C0C}.Release|Any CPU.ActiveCfg = Release|Any CPU
		{94F0C9B8-AA54-45C1-8BF8-67A053249C0C}.Release|Any CPU.Build.0 = Release|Any CPU
	EndGlobalSection
	GlobalSection(SolutionProperties) = preSolution
		HideSolutionNode = FALSE
	EndGlobalSection
	GlobalSection(ExtensibilityGlobals) = postSolution
		SolutionGuid = {86C4594C-9528-4F11-BD7E-7CC4348BD327}
	EndGlobalSection
EndGlobal
